
Microsoft Visual Studio Solution File, Format Version 10.00
# Visual Studio 2008
Project("{FAE04EC0-301F-11D3-BF4B-00C04F79EFBC}") = "Dropio.Core", "Dropio.Core.csproj", "{A158B25B-1D87-405F-9B31-8954664FE223}"
EndProject
Global
	GlobalSection(SolutionConfigurationPlatforms) = preSolution
		Debug|Any CPU = Debug|Any CPU
		Release|Any CPU = Release|Any CPU
	EndGlobalSection
	GlobalSection(ProjectConfigurationPlatforms) = postSolution
		{A158B25B-1D87-405F-9B31-8954664FE223}.Debug|Any CPU.ActiveCfg = Debug|Any CPU
		{A158B25B-1D87-405F-9B31-8954664FE223}.Debug|Any CPU.Build.0 = Debug|Any CPU
		{A158B25B-1D87-405F-9B31-8954664FE223}.Release|Any CPU.ActiveCfg = Release|Any CPU
		{A158B25B-1D87-405F-9B31-8954664FE223}.Release|Any CPU.Build.0 = Release|Any CPU
	EndGlobalSection
	GlobalSection(SolutionProperties) = preSolution
		HideSolutionNode = FALSE
	EndGlobalSection
EndGlobal
